
Microsoft Visual Studio Solution File, Format Version 12.00
Project("{FAE04EC0-301F-11D3-BF4B-00C04F79EFBC}") = "UserManagement.API", "UserManagement.API\UserManagement.API.csproj", "{C81AF2EE-11E2-41B8-9E79-AB6AAE2C8B66}"
EndProject
Project("{FAE04EC0-301F-11D3-BF4B-00C04F79EFBC}") = "UserManagement.BLL", "UserManagement.BLL\UserManagement.BLL.csproj", "{40D9DB64-4F2D-4CAD-87C3-F88CF5651774}"
EndProject
Project("{FAE04EC0-301F-11D3-BF4B-00C04F79EFBC}") = "UserManagement.DAL", "UserManagement.DAL\UserManagement.DAL.csproj", "{A8ACAA38-350A-46AD-A34E-BEB419D6C7AC}"
EndProject
Project("{FAE04EC0-301F-11D3-BF4B-00C04F79EFBC}") = "UserManagement.Common", "UserManagement.Common\UserManagement.Common.csproj", "{592C9267-7BD3-430A-ADD7-DFC0271A9428}"
EndProject
Project("{FAE04EC0-301F-11D3-BF4B-00C04F79EFBC}") = "UnitTests", "UnitTests\UnitTests.csproj", "{80E34C57-0709-4ADC-8106-186B5656C078}"
EndProject
Global
	GlobalSection(SolutionConfigurationPlatforms) = preSolution
		Debug|Any CPU = Debug|Any CPU
		Release|Any CPU = Release|Any CPU
	EndGlobalSection
	GlobalSection(ProjectConfigurationPlatforms) = postSolution
		{C81AF2EE-11E2-41B8-9E79-AB6AAE2C8B66}.Debug|Any CPU.ActiveCfg = Debug|Any CPU
		{C81AF2EE-11E2-41B8-9E79-AB6AAE2C8B66}.Debug|Any CPU.Build.0 = Debug|Any CPU
		{C81AF2EE-11E2-41B8-9E79-AB6AAE2C8B66}.Release|Any CPU.ActiveCfg = Release|Any CPU
		{C81AF2EE-11E2-41B8-9E79-AB6AAE2C8B66}.Release|Any CPU.Build.0 = Release|Any CPU
		{40D9DB64-4F2D-4CAD-87C3-F88CF5651774}.Debug|Any CPU.ActiveCfg = Debug|Any CPU
		{40D9DB64-4F2D-4CAD-87C3-F88CF5651774}.Debug|Any CPU.Build.0 = Debug|Any CPU
		{40D9DB64-4F2D-4CAD-87C3-F88CF5651774}.Release|Any CPU.ActiveCfg = Release|Any CPU
		{40D9DB64-4F2D-4CAD-87C3-F88CF5651774}.Release|Any CPU.Build.0 = Release|Any CPU
		{A8ACAA38-350A-46AD-A34E-BEB419D6C7AC}.Debug|Any CPU.ActiveCfg = Debug|Any CPU
		{A8ACAA38-350A-46AD-A34E-BEB419D6C7AC}.Debug|Any CPU.Build.0 = Debug|Any CPU
		{A8ACAA38-350A-46AD-A34E-BEB419D6C7AC}.Release|Any CPU.ActiveCfg = Release|Any CPU
		{A8ACAA38-350A-46AD-A34E-BEB419D6C7AC}.Release|Any CPU.Build.0 = Release|Any CPU
		{592C9267-7BD3-430A-ADD7-DFC0271A9428}.Debug|Any CPU.ActiveCfg = Debug|Any CPU
		{592C9267-7BD3-430A-ADD7-DFC0271A9428}.Debug|Any CPU.Build.0 = Debug|Any CPU
		{592C9267-7BD3-430A-ADD7-DFC0271A9428}.Release|Any CPU.ActiveCfg = Release|Any CPU
		{592C9267-7BD3-430A-ADD7-DFC0271A9428}.Release|Any CPU.Build.0 = Release|Any CPU
		{80E34C57-0709-4ADC-8106-186B5656C078}.Debug|Any CPU.ActiveCfg = Debug|Any CPU
		{80E34C57-0709-4ADC-8106-186B5656C078}.Debug|Any CPU.Build.0 = Debug|Any CPU
		{80E34C57-0709-4ADC-8106-186B5656C078}.Release|Any CPU.ActiveCfg = Release|Any CPU
		{80E34C57-0709-4ADC-8106-186B5656C078}.Release|Any CPU.Build.0 = Release|Any CPU
	EndGlobalSection
EndGlobal
